// !$*UTF8*$!
{
	archiveVersion = 1;
	classes = {
	};
	objectVersion = 46;
	objects = {

/* Begin PBXBuildFile section */
		771470761CDACE0C009D5501 /* home-logo.png in Resources */ = {isa = PBXBuildFile; fileRef = 771470751CDACE0C009D5501 /* home-logo.png */; };
		771470821CDAE034009D5501 /* Home-30.png in Resources */ = {isa = PBXBuildFile; fileRef = 771470811CDAE034009D5501 /* Home-30.png */; };
		7714708A1CDAE14D009D5501 /* Aspectos-30.png in Resources */ = {isa = PBXBuildFile; fileRef = 771470831CDAE14D009D5501 /* Aspectos-30.png */; };
		7714708B1CDAE14D009D5501 /* Criterios-30.png in Resources */ = {isa = PBXBuildFile; fileRef = 771470841CDAE14D009D5501 /* Criterios-30.png */; };
		7714708C1CDAE14D009D5501 /* Cursos-30.png in Resources */ = {isa = PBXBuildFile; fileRef = 771470851CDAE14D009D5501 /* Cursos-30.png */; };
		7714708D1CDAE14D009D5501 /* Especialidad-30.png in Resources */ = {isa = PBXBuildFile; fileRef = 771470861CDAE14D009D5501 /* Especialidad-30.png */; };
		7714708E1CDAE14D009D5501 /* Objetivos-30.png in Resources */ = {isa = PBXBuildFile; fileRef = 771470871CDAE14D009D5501 /* Objetivos-30.png */; };
		7714708F1CDAE14D009D5501 /* Resultados-30.png in Resources */ = {isa = PBXBuildFile; fileRef = 771470881CDAE14D009D5501 /* Resultados-30.png */; };
		771470901CDAE14D009D5501 /* Rubricas-30.png in Resources */ = {isa = PBXBuildFile; fileRef = 771470891CDAE14D009D5501 /* Rubricas-30.png */; };
		771470931CDAE23A009D5501 /* Evaluaciones-30.png in Resources */ = {isa = PBXBuildFile; fileRef = 771470911CDAE23A009D5501 /* Evaluaciones-30.png */; };
		771470941CDAE23A009D5501 /* Mejora-30.png in Resources */ = {isa = PBXBuildFile; fileRef = 771470921CDAE23A009D5501 /* Mejora-30.png */; };
		771470961CDAE2AB009D5501 /* person-placeholder.png in Resources */ = {isa = PBXBuildFile; fileRef = 771470951CDAE2AB009D5501 /* person-placeholder.png */; };
		77167A581CDD16C7004C91BC /* SuggestionCell.swift in Sources */ = {isa = PBXBuildFile; fileRef = 77167A571CDD16C7004C91BC /* SuggestionCell.swift */; };
		77167A5A1CDD16DD004C91BC /* Suggestions.swift in Sources */ = {isa = PBXBuildFile; fileRef = 77167A591CDD16DD004C91BC /* Suggestions.swift */; };
		77167A5C1CDD16EB004C91BC /* ImprovementPlans.swift in Sources */ = {isa = PBXBuildFile; fileRef = 77167A5B1CDD16EB004C91BC /* ImprovementPlans.swift */; };
		77167A5E1CDD1DBB004C91BC /* ImprovementCell.swift in Sources */ = {isa = PBXBuildFile; fileRef = 77167A5D1CDD1DBB004C91BC /* ImprovementCell.swift */; };
		77167A601CDD2236004C91BC /* Download-30.png in Resources */ = {isa = PBXBuildFile; fileRef = 77167A5F1CDD2236004C91BC /* Download-30.png */; };
		77167A621CDD228F004C91BC /* Download-Filled-30.png in Resources */ = {isa = PBXBuildFile; fileRef = 77167A611CDD228F004C91BC /* Download-Filled-30.png */; };
		77167A651CDD233F004C91BC /* EvaluationResults.swift in Sources */ = {isa = PBXBuildFile; fileRef = 77167A641CDD233F004C91BC /* EvaluationResults.swift */; };
		77167A671CDD2BAA004C91BC /* RubricCell.swift in Sources */ = {isa = PBXBuildFile; fileRef = 77167A661CDD2BAA004C91BC /* RubricCell.swift */; };
		77167A6C1CDD30E2004C91BC /* CriteriaDetail.swift in Sources */ = {isa = PBXBuildFile; fileRef = 77167A6B1CDD30E2004C91BC /* CriteriaDetail.swift */; };
		77167A6E1CDD30F0004C91BC /* CriteriaLevelCell.swift in Sources */ = {isa = PBXBuildFile; fileRef = 77167A6D1CDD30F0004C91BC /* CriteriaLevelCell.swift */; };
		77167A701CDD3A81004C91BC /* EdResultDescriptionCell.swift in Sources */ = {isa = PBXBuildFile; fileRef = 77167A6F1CDD3A81004C91BC /* EdResultDescriptionCell.swift */; };
		772A69911CF8B8D100E17335 /* AspectTransactions.swift in Sources */ = {isa = PBXBuildFile; fileRef = 772A69901CF8B8D100E17335 /* AspectTransactions.swift */; };
		772A69961CF8BB3200E17335 /* Criterion+CoreDataProperties.swift in Sources */ = {isa = PBXBuildFile; fileRef = 772A69921CF8BB3200E17335 /* Criterion+CoreDataProperties.swift */; };
		772A69971CF8BB3200E17335 /* Criterion.swift in Sources */ = {isa = PBXBuildFile; fileRef = 772A69931CF8BB3200E17335 /* Criterion.swift */; };
		772A69981CF8BB3200E17335 /* Aspect+CoreDataProperties.swift in Sources */ = {isa = PBXBuildFile; fileRef = 772A69941CF8BB3200E17335 /* Aspect+CoreDataProperties.swift */; };
		772A69991CF8BB3200E17335 /* Aspect.swift in Sources */ = {isa = PBXBuildFile; fileRef = 772A69951CF8BB3200E17335 /* Aspect.swift */; };
		774092071CFF40C3004A6668 /* Charts.framework in Frameworks */ = {isa = PBXBuildFile; fileRef = 774092061CFF40C3004A6668 /* Charts.framework */; };
		7740920A1D00D5E1004A6668 /* StudentResultTransactions.swift in Sources */ = {isa = PBXBuildFile; fileRef = 774092091D00D5E1004A6668 /* StudentResultTransactions.swift */; };
		7747245D1CEF8781005C1464 /* Connection.swift in Sources */ = {isa = PBXBuildFile; fileRef = 7747245C1CEF8781005C1464 /* Connection.swift */; };
		776A236F1CE28E4600D1FA08 /* Pods_UASApp.framework in Frameworks */ = {isa = PBXBuildFile; fileRef = 776A236E1CE28E4600D1FA08 /* Pods_UASApp.framework */; };
		776A23701CE28E6D00D1FA08 /* Alamofire.framework in Frameworks */ = {isa = PBXBuildFile; fileRef = 776A236C1CE28E3900D1FA08 /* Alamofire.framework */; };
		7783156E1CDAE525008D9209 /* Menu-30.png in Resources */ = {isa = PBXBuildFile; fileRef = 7783156D1CDAE525008D9209 /* Menu-30.png */; };
		778315701CDAE621008D9209 /* EspecialidadTVC.swift in Sources */ = {isa = PBXBuildFile; fileRef = 7783156F1CDAE621008D9209 /* EspecialidadTVC.swift */; };
		778315771CDBBBF3008D9209 /* University-50.png in Resources */ = {isa = PBXBuildFile; fileRef = 778315761CDBBBF3008D9209 /* University-50.png */; };
		77A24C931CDBC91E006AA0B9 /* University Filled-50.png in Resources */ = {isa = PBXBuildFile; fileRef = 77A24C921CDBC91E006AA0B9 /* University Filled-50.png */; };
		77A24C951CDBCD98006AA0B9 /* MainMenuTVC.swift in Sources */ = {isa = PBXBuildFile; fileRef = 77A24C941CDBCD98006AA0B9 /* MainMenuTVC.swift */; };
		77A24C971CDBCFB5006AA0B9 /* Salir-30.png in Resources */ = {isa = PBXBuildFile; fileRef = 77A24C961CDBCFB5006AA0B9 /* Salir-30.png */; };
		77A24C991CDBD64E006AA0B9 /* MasterSVC.swift in Sources */ = {isa = PBXBuildFile; fileRef = 77A24C981CDBD64E006AA0B9 /* MasterSVC.swift */; };
		77A24C9B1CDC1885006AA0B9 /* ObjetivosEdTVC.swift in Sources */ = {isa = PBXBuildFile; fileRef = 77A24C9A1CDC1885006AA0B9 /* ObjetivosEdTVC.swift */; };
		77A24CA01CDC29C1006AA0B9 /* EducationalObjectiveDetail.swift in Sources */ = {isa = PBXBuildFile; fileRef = 77A24C9F1CDC29C1006AA0B9 /* EducationalObjectiveDetail.swift */; };
		77A24CA21CDC2AD1006AA0B9 /* DescriptionCell.swift in Sources */ = {isa = PBXBuildFile; fileRef = 77A24CA11CDC2AD1006AA0B9 /* DescriptionCell.swift */; };
		77A24CA61CDC8D8C006AA0B9 /* ResEdTVC.swift in Sources */ = {isa = PBXBuildFile; fileRef = 77A24CA51CDC8D8C006AA0B9 /* ResEdTVC.swift */; };
		77A24CA81CDC9777006AA0B9 /* ResEdDetalleTVC.swift in Sources */ = {isa = PBXBuildFile; fileRef = 77A24CA71CDC9777006AA0B9 /* ResEdDetalleTVC.swift */; };
		77A24CAB1CDCA6DF006AA0B9 /* Rubrics.swift in Sources */ = {isa = PBXBuildFile; fileRef = 77A24CAA1CDCA6DF006AA0B9 /* Rubrics.swift */; };
		77A24CAD1CDCA8E7006AA0B9 /* RubricDetail.swift in Sources */ = {isa = PBXBuildFile; fileRef = 77A24CAC1CDCA8E7006AA0B9 /* RubricDetail.swift */; };
		77A24CB01CDCAD0C006AA0B9 /* AspectosTVC.swift in Sources */ = {isa = PBXBuildFile; fileRef = 77A24CAF1CDCAD0C006AA0B9 /* AspectosTVC.swift */; };
		77A24CB21CDCADA7006AA0B9 /* AspectoDetailTVC.swift in Sources */ = {isa = PBXBuildFile; fileRef = 77A24CB11CDCADA7006AA0B9 /* AspectoDetailTVC.swift */; };
		77A24CB41CDCE1A1006AA0B9 /* InicioVC.swift in Sources */ = {isa = PBXBuildFile; fileRef = 77A24CB31CDCE1A1006AA0B9 /* InicioVC.swift */; };
		77A24CB71CDCFDDB006AA0B9 /* CursosTVC.swift in Sources */ = {isa = PBXBuildFile; fileRef = 77A24CB61CDCFDDB006AA0B9 /* CursosTVC.swift */; };
		77A24CB91CDD052D006AA0B9 /* CursoCell.swift in Sources */ = {isa = PBXBuildFile; fileRef = 77A24CB81CDD052D006AA0B9 /* CursoCell.swift */; };
		77A24CBB1CDD07C3006AA0B9 /* ProfesorCell.swift in Sources */ = {isa = PBXBuildFile; fileRef = 77A24CBA1CDD07C3006AA0B9 /* ProfesorCell.swift */; };
		77A24CBF1CDD08FB006AA0B9 /* CursoDetalleTVC.swift in Sources */ = {isa = PBXBuildFile; fileRef = 77A24CBE1CDD08FB006AA0B9 /* CursoDetalleTVC.swift */; };
		77A24CC11CDD0A5E006AA0B9 /* TeacherCell.swift in Sources */ = {isa = PBXBuildFile; fileRef = 77A24CC01CDD0A5E006AA0B9 /* TeacherCell.swift */; };
		77A24CC41CDD1106006AA0B9 /* TeacherModal.swift in Sources */ = {isa = PBXBuildFile; fileRef = 77A24CC31CDD1106006AA0B9 /* TeacherModal.swift */; };
		77A24CC61CDD1555006AA0B9 /* Sugerencias-30.png in Resources */ = {isa = PBXBuildFile; fileRef = 77A24CC51CDD1555006AA0B9 /* Sugerencias-30.png */; };
		77A24CC81CDD15EB006AA0B9 /* Improve-30.png in Resources */ = {isa = PBXBuildFile; fileRef = 77A24CC71CDD15EB006AA0B9 /* Improve-30.png */; };
		77D4A7331CF590A4006878DD /* Faculty+CoreDataProperties.swift in Sources */ = {isa = PBXBuildFile; fileRef = 77D4A72B1CF590A4006878DD /* Faculty+CoreDataProperties.swift */; };
		77D4A7341CF590A4006878DD /* Faculty.swift in Sources */ = {isa = PBXBuildFile; fileRef = 77D4A72C1CF590A4006878DD /* Faculty.swift */; };
		77D4A7351CF590A4006878DD /* Coordinator+CoreDataProperties.swift in Sources */ = {isa = PBXBuildFile; fileRef = 77D4A72D1CF590A4006878DD /* Coordinator+CoreDataProperties.swift */; };
		77D4A7361CF590A4006878DD /* Coordinator.swift in Sources */ = {isa = PBXBuildFile; fileRef = 77D4A72E1CF590A4006878DD /* Coordinator.swift */; };
		77D4A7371CF590A4006878DD /* Professor+CoreDataProperties.swift in Sources */ = {isa = PBXBuildFile; fileRef = 77D4A72F1CF590A4006878DD /* Professor+CoreDataProperties.swift */; };
		77D4A7381CF590A4006878DD /* Professor.swift in Sources */ = {isa = PBXBuildFile; fileRef = 77D4A7301CF590A4006878DD /* Professor.swift */; };
		77D4A7391CF590A4006878DD /* User+CoreDataProperties.swift in Sources */ = {isa = PBXBuildFile; fileRef = 77D4A7311CF590A4006878DD /* User+CoreDataProperties.swift */; };
		77D4A73A1CF590A4006878DD /* User.swift in Sources */ = {isa = PBXBuildFile; fileRef = 77D4A7321CF590A4006878DD /* User.swift */; };
		77D4A73C1CF6346C006878DD /* FacultyTransactions.swift in Sources */ = {isa = PBXBuildFile; fileRef = 77D4A73B1CF6346C006878DD /* FacultyTransactions.swift */; };
		77D4A73E1CF644EB006878DD /* EducationalObjectiveTransactions.swift in Sources */ = {isa = PBXBuildFile; fileRef = 77D4A73D1CF644EB006878DD /* EducationalObjectiveTransactions.swift */; };
		77D4A74B1CF80B9C006878DD /* StudentResult+CoreDataProperties.swift in Sources */ = {isa = PBXBuildFile; fileRef = 77D4A7481CF80B9C006878DD /* StudentResult+CoreDataProperties.swift */; };
		77D4A74C1CF80B9C006878DD /* StudentResult.swift in Sources */ = {isa = PBXBuildFile; fileRef = 77D4A7491CF80B9C006878DD /* StudentResult.swift */; };
		77D4A74F1CF80C79006878DD /* EducationalObjective+CoreDataProperties.swift in Sources */ = {isa = PBXBuildFile; fileRef = 77D4A74D1CF80C79006878DD /* EducationalObjective+CoreDataProperties.swift */; };
		77D4A7501CF80C79006878DD /* EducationalObjective.swift in Sources */ = {isa = PBXBuildFile; fileRef = 77D4A74E1CF80C79006878DD /* EducationalObjective.swift */; };
		77E1984A1CD7C85300782B72 /* AppDelegate.swift in Sources */ = {isa = PBXBuildFile; fileRef = 77E198491CD7C85300782B72 /* AppDelegate.swift */; };
		77E1984C1CD7C85300782B72 /* ViewController.swift in Sources */ = {isa = PBXBuildFile; fileRef = 77E1984B1CD7C85300782B72 /* ViewController.swift */; };
		77E1984F1CD7C85300782B72 /* Main.storyboard in Resources */ = {isa = PBXBuildFile; fileRef = 77E1984D1CD7C85300782B72 /* Main.storyboard */; };
		77E198521CD7C85300782B72 /* UASApp.xcdatamodeld in Sources */ = {isa = PBXBuildFile; fileRef = 77E198501CD7C85300782B72 /* UASApp.xcdatamodeld */; };
		77E198541CD7C85300782B72 /* Assets.xcassets in Resources */ = {isa = PBXBuildFile; fileRef = 77E198531CD7C85300782B72 /* Assets.xcassets */; };
		77E198571CD7C85300782B72 /* LaunchScreen.storyboard in Resources */ = {isa = PBXBuildFile; fileRef = 77E198551CD7C85300782B72 /* LaunchScreen.storyboard */; };
		77E198621CD7C85300782B72 /* UASAppTests.swift in Sources */ = {isa = PBXBuildFile; fileRef = 77E198611CD7C85300782B72 /* UASAppTests.swift */; };
		77E1986D1CD7C85300782B72 /* UASAppUITests.swift in Sources */ = {isa = PBXBuildFile; fileRef = 77E1986C1CD7C85300782B72 /* UASAppUITests.swift */; };
/* End PBXBuildFile section */

/* Begin PBXContainerItemProxy section */
		77E1985E1CD7C85300782B72 /* PBXContainerItemProxy */ = {
			isa = PBXContainerItemProxy;
			containerPortal = 77E1983E1CD7C85300782B72 /* Project object */;
			proxyType = 1;
			remoteGlobalIDString = 77E198451CD7C85300782B72;
			remoteInfo = UASApp;
		};
		77E198691CD7C85300782B72 /* PBXContainerItemProxy */ = {
			isa = PBXContainerItemProxy;
			containerPortal = 77E1983E1CD7C85300782B72 /* Project object */;
			proxyType = 1;
			remoteGlobalIDString = 77E198451CD7C85300782B72;
			remoteInfo = UASApp;
		};
/* End PBXContainerItemProxy section */

/* Begin PBXFileReference section */
		47A29908FFCEF8327AC87990 /* Pods-UASApp.debug.xcconfig */ = {isa = PBXFileReference; includeInIndex = 1; lastKnownFileType = text.xcconfig; name = "Pods-UASApp.debug.xcconfig"; path = "Pods/Target Support Files/Pods-UASApp/Pods-UASApp.debug.xcconfig"; sourceTree = "<group>"; };
		771470751CDACE0C009D5501 /* home-logo.png */ = {isa = PBXFileReference; lastKnownFileType = image.png; name = "home-logo.png"; path = "UASApp/img/home-logo.png"; sourceTree = "<group>"; };
		7714707D1CDADB4E009D5501 /* UASApp-Bridging-Header.h */ = {isa = PBXFileReference; lastKnownFileType = sourcecode.c.h; path = "UASApp-Bridging-Header.h"; sourceTree = SOURCE_ROOT; };
		771470811CDAE034009D5501 /* Home-30.png */ = {isa = PBXFileReference; lastKnownFileType = image.png; name = "Home-30.png"; path = "UASApp/img/Home-30.png"; sourceTree = "<group>"; };
		771470831CDAE14D009D5501 /* Aspectos-30.png */ = {isa = PBXFileReference; lastKnownFileType = image.png; name = "Aspectos-30.png"; path = "UASApp/img/Aspectos-30.png"; sourceTree = "<group>"; };
		771470841CDAE14D009D5501 /* Criterios-30.png */ = {isa = PBXFileReference; lastKnownFileType = image.png; name = "Criterios-30.png"; path = "UASApp/img/Criterios-30.png"; sourceTree = "<group>"; };
		771470851CDAE14D009D5501 /* Cursos-30.png */ = {isa = PBXFileReference; lastKnownFileType = image.png; name = "Cursos-30.png"; path = "UASApp/img/Cursos-30.png"; sourceTree = "<group>"; };
		771470861CDAE14D009D5501 /* Especialidad-30.png */ = {isa = PBXFileReference; lastKnownFileType = image.png; name = "Especialidad-30.png"; path = "UASApp/img/Especialidad-30.png"; sourceTree = "<group>"; };
		771470871CDAE14D009D5501 /* Objetivos-30.png */ = {isa = PBXFileReference; lastKnownFileType = image.png; name = "Objetivos-30.png"; path = "UASApp/img/Objetivos-30.png"; sourceTree = "<group>"; };
		771470881CDAE14D009D5501 /* Resultados-30.png */ = {isa = PBXFileReference; lastKnownFileType = image.png; name = "Resultados-30.png"; path = "UASApp/img/Resultados-30.png"; sourceTree = "<group>"; };
		771470891CDAE14D009D5501 /* Rubricas-30.png */ = {isa = PBXFileReference; lastKnownFileType = image.png; name = "Rubricas-30.png"; path = "UASApp/img/Rubricas-30.png"; sourceTree = "<group>"; };
		771470911CDAE23A009D5501 /* Evaluaciones-30.png */ = {isa = PBXFileReference; lastKnownFileType = image.png; name = "Evaluaciones-30.png"; path = "UASApp/img/Evaluaciones-30.png"; sourceTree = "<group>"; };
		771470921CDAE23A009D5501 /* Mejora-30.png */ = {isa = PBXFileReference; lastKnownFileType = image.png; name = "Mejora-30.png"; path = "UASApp/img/Mejora-30.png"; sourceTree = "<group>"; };
		771470951CDAE2AB009D5501 /* person-placeholder.png */ = {isa = PBXFileReference; lastKnownFileType = image.png; name = "person-placeholder.png"; path = "UASApp/img/person-placeholder.png"; sourceTree = "<group>"; };
		77167A571CDD16C7004C91BC /* SuggestionCell.swift */ = {isa = PBXFileReference; fileEncoding = 4; lastKnownFileType = sourcecode.swift; path = SuggestionCell.swift; sourceTree = "<group>"; };
		77167A591CDD16DD004C91BC /* Suggestions.swift */ = {isa = PBXFileReference; fileEncoding = 4; lastKnownFileType = sourcecode.swift; path = Suggestions.swift; sourceTree = "<group>"; };
		77167A5B1CDD16EB004C91BC /* ImprovementPlans.swift */ = {isa = PBXFileReference; fileEncoding = 4; lastKnownFileType = sourcecode.swift; path = ImprovementPlans.swift; sourceTree = "<group>"; };
		77167A5D1CDD1DBB004C91BC /* ImprovementCell.swift */ = {isa = PBXFileReference; fileEncoding = 4; lastKnownFileType = sourcecode.swift; path = ImprovementCell.swift; sourceTree = "<group>"; };
		77167A5F1CDD2236004C91BC /* Download-30.png */ = {isa = PBXFileReference; lastKnownFileType = image.png; name = "Download-30.png"; path = "UASApp/img/Download-30.png"; sourceTree = "<group>"; };
		77167A611CDD228F004C91BC /* Download-Filled-30.png */ = {isa = PBXFileReference; lastKnownFileType = image.png; name = "Download-Filled-30.png"; path = "UASApp/img/Download-Filled-30.png"; sourceTree = "<group>"; };
		77167A641CDD233F004C91BC /* EvaluationResults.swift */ = {isa = PBXFileReference; fileEncoding = 4; lastKnownFileType = sourcecode.swift; path = EvaluationResults.swift; sourceTree = "<group>"; };
		77167A661CDD2BAA004C91BC /* RubricCell.swift */ = {isa = PBXFileReference; fileEncoding = 4; lastKnownFileType = sourcecode.swift; path = RubricCell.swift; sourceTree = "<group>"; };
		77167A6B1CDD30E2004C91BC /* CriteriaDetail.swift */ = {isa = PBXFileReference; fileEncoding = 4; lastKnownFileType = sourcecode.swift; path = CriteriaDetail.swift; sourceTree = "<group>"; };
		77167A6D1CDD30F0004C91BC /* CriteriaLevelCell.swift */ = {isa = PBXFileReference; fileEncoding = 4; lastKnownFileType = sourcecode.swift; path = CriteriaLevelCell.swift; sourceTree = "<group>"; };
		77167A6F1CDD3A81004C91BC /* EdResultDescriptionCell.swift */ = {isa = PBXFileReference; fileEncoding = 4; lastKnownFileType = sourcecode.swift; path = EdResultDescriptionCell.swift; sourceTree = "<group>"; };
		772A69901CF8B8D100E17335 /* AspectTransactions.swift */ = {isa = PBXFileReference; fileEncoding = 4; lastKnownFileType = sourcecode.swift; path = AspectTransactions.swift; sourceTree = "<group>"; };
		772A69921CF8BB3200E17335 /* Criterion+CoreDataProperties.swift */ = {isa = PBXFileReference; fileEncoding = 4; lastKnownFileType = sourcecode.swift; path = "Criterion+CoreDataProperties.swift"; sourceTree = "<group>"; };
		772A69931CF8BB3200E17335 /* Criterion.swift */ = {isa = PBXFileReference; fileEncoding = 4; lastKnownFileType = sourcecode.swift; path = Criterion.swift; sourceTree = "<group>"; };
		772A69941CF8BB3200E17335 /* Aspect+CoreDataProperties.swift */ = {isa = PBXFileReference; fileEncoding = 4; lastKnownFileType = sourcecode.swift; path = "Aspect+CoreDataProperties.swift"; sourceTree = "<group>"; };
		772A69951CF8BB3200E17335 /* Aspect.swift */ = {isa = PBXFileReference; fileEncoding = 4; lastKnownFileType = sourcecode.swift; path = Aspect.swift; sourceTree = "<group>"; };
		774092061CFF40C3004A6668 /* Charts.framework */ = {isa = PBXFileReference; lastKnownFileType = wrapper.framework; name = Charts.framework; path = "../../../Library/Developer/Xcode/DerivedData/UASApp-ayybsxccyzjzkudbalgmhltvyjvj/Build/Products/Debug-iphonesimulator/Charts.framework"; sourceTree = "<group>"; };
		774092091D00D5E1004A6668 /* StudentResultTransactions.swift */ = {isa = PBXFileReference; fileEncoding = 4; lastKnownFileType = sourcecode.swift; path = StudentResultTransactions.swift; sourceTree = "<group>"; };
		7747245C1CEF8781005C1464 /* Connection.swift */ = {isa = PBXFileReference; fileEncoding = 4; lastKnownFileType = sourcecode.swift; path = Connection.swift; sourceTree = "<group>"; };
		776A236C1CE28E3900D1FA08 /* Alamofire.framework */ = {isa = PBXFileReference; lastKnownFileType = wrapper.framework; name = Alamofire.framework; path = "../../../Library/Developer/Xcode/DerivedData/UASApp-dovzznfjlgtrlseiqbkukitticls/Build/Products/Debug-iphonesimulator/Alamofire.framework"; sourceTree = "<group>"; };
		776A236E1CE28E4600D1FA08 /* Pods_UASApp.framework */ = {isa = PBXFileReference; lastKnownFileType = wrapper.framework; name = Pods_UASApp.framework; path = "../../../Library/Developer/Xcode/DerivedData/UASApp-dovzznfjlgtrlseiqbkukitticls/Build/Products/Debug-iphonesimulator/Pods_UASApp.framework"; sourceTree = "<group>"; };
		7783156D1CDAE525008D9209 /* Menu-30.png */ = {isa = PBXFileReference; lastKnownFileType = image.png; name = "Menu-30.png"; path = "UASApp/img/Menu-30.png"; sourceTree = "<group>"; };
		7783156F1CDAE621008D9209 /* EspecialidadTVC.swift */ = {isa = PBXFileReference; fileEncoding = 4; lastKnownFileType = sourcecode.swift; path = EspecialidadTVC.swift; sourceTree = "<group>"; };
		778315761CDBBBF3008D9209 /* University-50.png */ = {isa = PBXFileReference; lastKnownFileType = image.png; name = "University-50.png"; path = "UASApp/img/University-50.png"; sourceTree = "<group>"; };
		77A24C921CDBC91E006AA0B9 /* University Filled-50.png */ = {isa = PBXFileReference; lastKnownFileType = image.png; name = "University Filled-50.png"; path = "UASApp/img/University Filled-50.png"; sourceTree = "<group>"; };
		77A24C941CDBCD98006AA0B9 /* MainMenuTVC.swift */ = {isa = PBXFileReference; fileEncoding = 4; lastKnownFileType = sourcecode.swift; path = MainMenuTVC.swift; sourceTree = "<group>"; };
		77A24C961CDBCFB5006AA0B9 /* Salir-30.png */ = {isa = PBXFileReference; lastKnownFileType = image.png; name = "Salir-30.png"; path = "UASApp/img/Salir-30.png"; sourceTree = "<group>"; };
		77A24C981CDBD64E006AA0B9 /* MasterSVC.swift */ = {isa = PBXFileReference; fileEncoding = 4; lastKnownFileType = sourcecode.swift; path = MasterSVC.swift; sourceTree = "<group>"; };
		77A24C9A1CDC1885006AA0B9 /* ObjetivosEdTVC.swift */ = {isa = PBXFileReference; fileEncoding = 4; lastKnownFileType = sourcecode.swift; path = ObjetivosEdTVC.swift; sourceTree = "<group>"; };
		77A24C9F1CDC29C1006AA0B9 /* EducationalObjectiveDetail.swift */ = {isa = PBXFileReference; fileEncoding = 4; lastKnownFileType = sourcecode.swift; path = EducationalObjectiveDetail.swift; sourceTree = "<group>"; };
		77A24CA11CDC2AD1006AA0B9 /* DescriptionCell.swift */ = {isa = PBXFileReference; fileEncoding = 4; lastKnownFileType = sourcecode.swift; path = DescriptionCell.swift; sourceTree = "<group>"; };
		77A24CA51CDC8D8C006AA0B9 /* ResEdTVC.swift */ = {isa = PBXFileReference; fileEncoding = 4; lastKnownFileType = sourcecode.swift; path = ResEdTVC.swift; sourceTree = "<group>"; };
		77A24CA71CDC9777006AA0B9 /* ResEdDetalleTVC.swift */ = {isa = PBXFileReference; fileEncoding = 4; lastKnownFileType = sourcecode.swift; path = ResEdDetalleTVC.swift; sourceTree = "<group>"; };
		77A24CAA1CDCA6DF006AA0B9 /* Rubrics.swift */ = {isa = PBXFileReference; fileEncoding = 4; lastKnownFileType = sourcecode.swift; path = Rubrics.swift; sourceTree = "<group>"; };
		77A24CAC1CDCA8E7006AA0B9 /* RubricDetail.swift */ = {isa = PBXFileReference; fileEncoding = 4; lastKnownFileType = sourcecode.swift; path = RubricDetail.swift; sourceTree = "<group>"; };
		77A24CAF1CDCAD0C006AA0B9 /* AspectosTVC.swift */ = {isa = PBXFileReference; fileEncoding = 4; lastKnownFileType = sourcecode.swift; path = AspectosTVC.swift; sourceTree = "<group>"; };
		77A24CB11CDCADA7006AA0B9 /* AspectoDetailTVC.swift */ = {isa = PBXFileReference; fileEncoding = 4; lastKnownFileType = sourcecode.swift; path = AspectoDetailTVC.swift; sourceTree = "<group>"; };
		77A24CB31CDCE1A1006AA0B9 /* InicioVC.swift */ = {isa = PBXFileReference; fileEncoding = 4; lastKnownFileType = sourcecode.swift; path = InicioVC.swift; sourceTree = "<group>"; };
		77A24CB61CDCFDDB006AA0B9 /* CursosTVC.swift */ = {isa = PBXFileReference; fileEncoding = 4; lastKnownFileType = sourcecode.swift; path = CursosTVC.swift; sourceTree = "<group>"; };
		77A24CB81CDD052D006AA0B9 /* CursoCell.swift */ = {isa = PBXFileReference; fileEncoding = 4; lastKnownFileType = sourcecode.swift; path = CursoCell.swift; sourceTree = "<group>"; };
		77A24CBA1CDD07C3006AA0B9 /* ProfesorCell.swift */ = {isa = PBXFileReference; fileEncoding = 4; lastKnownFileType = sourcecode.swift; path = ProfesorCell.swift; sourceTree = "<group>"; };
		77A24CBE1CDD08FB006AA0B9 /* CursoDetalleTVC.swift */ = {isa = PBXFileReference; fileEncoding = 4; lastKnownFileType = sourcecode.swift; path = CursoDetalleTVC.swift; sourceTree = "<group>"; };
		77A24CC01CDD0A5E006AA0B9 /* TeacherCell.swift */ = {isa = PBXFileReference; fileEncoding = 4; lastKnownFileType = sourcecode.swift; path = TeacherCell.swift; sourceTree = "<group>"; };
		77A24CC31CDD1106006AA0B9 /* TeacherModal.swift */ = {isa = PBXFileReference; fileEncoding = 4; lastKnownFileType = sourcecode.swift; path = TeacherModal.swift; sourceTree = "<group>"; };
		77A24CC51CDD1555006AA0B9 /* Sugerencias-30.png */ = {isa = PBXFileReference; lastKnownFileType = image.png; name = "Sugerencias-30.png"; path = "UASApp/img/Sugerencias-30.png"; sourceTree = "<group>"; };
		77A24CC71CDD15EB006AA0B9 /* Improve-30.png */ = {isa = PBXFileReference; lastKnownFileType = image.png; name = "Improve-30.png"; path = "UASApp/img/Improve-30.png"; sourceTree = "<group>"; };
		77D4A72B1CF590A4006878DD /* Faculty+CoreDataProperties.swift */ = {isa = PBXFileReference; fileEncoding = 4; lastKnownFileType = sourcecode.swift; path = "Faculty+CoreDataProperties.swift"; sourceTree = "<group>"; };
		77D4A72C1CF590A4006878DD /* Faculty.swift */ = {isa = PBXFileReference; fileEncoding = 4; lastKnownFileType = sourcecode.swift; path = Faculty.swift; sourceTree = "<group>"; };
		77D4A72D1CF590A4006878DD /* Coordinator+CoreDataProperties.swift */ = {isa = PBXFileReference; fileEncoding = 4; lastKnownFileType = sourcecode.swift; path = "Coordinator+CoreDataProperties.swift"; sourceTree = "<group>"; };
		77D4A72E1CF590A4006878DD /* Coordinator.swift */ = {isa = PBXFileReference; fileEncoding = 4; lastKnownFileType = sourcecode.swift; path = Coordinator.swift; sourceTree = "<group>"; };
		77D4A72F1CF590A4006878DD /* Professor+CoreDataProperties.swift */ = {isa = PBXFileReference; fileEncoding = 4; lastKnownFileType = sourcecode.swift; path = "Professor+CoreDataProperties.swift"; sourceTree = "<group>"; };
		77D4A7301CF590A4006878DD /* Professor.swift */ = {isa = PBXFileReference; fileEncoding = 4; lastKnownFileType = sourcecode.swift; path = Professor.swift; sourceTree = "<group>"; };
		77D4A7311CF590A4006878DD /* User+CoreDataProperties.swift */ = {isa = PBXFileReference; fileEncoding = 4; lastKnownFileType = sourcecode.swift; path = "User+CoreDataProperties.swift"; sourceTree = "<group>"; };
		77D4A7321CF590A4006878DD /* User.swift */ = {isa = PBXFileReference; fileEncoding = 4; lastKnownFileType = sourcecode.swift; path = User.swift; sourceTree = "<group>"; };
		77D4A73B1CF6346C006878DD /* FacultyTransactions.swift */ = {isa = PBXFileReference; fileEncoding = 4; lastKnownFileType = sourcecode.swift; path = FacultyTransactions.swift; sourceTree = "<group>"; };
		77D4A73D1CF644EB006878DD /* EducationalObjectiveTransactions.swift */ = {isa = PBXFileReference; fileEncoding = 4; lastKnownFileType = sourcecode.swift; path = EducationalObjectiveTransactions.swift; sourceTree = "<group>"; };
		77D4A7481CF80B9C006878DD /* StudentResult+CoreDataProperties.swift */ = {isa = PBXFileReference; fileEncoding = 4; lastKnownFileType = sourcecode.swift; path = "StudentResult+CoreDataProperties.swift"; sourceTree = "<group>"; };
		77D4A7491CF80B9C006878DD /* StudentResult.swift */ = {isa = PBXFileReference; fileEncoding = 4; lastKnownFileType = sourcecode.swift; path = StudentResult.swift; sourceTree = "<group>"; };
		77D4A74D1CF80C79006878DD /* EducationalObjective+CoreDataProperties.swift */ = {isa = PBXFileReference; fileEncoding = 4; lastKnownFileType = sourcecode.swift; path = "EducationalObjective+CoreDataProperties.swift"; sourceTree = "<group>"; };
		77D4A74E1CF80C79006878DD /* EducationalObjective.swift */ = {isa = PBXFileReference; fileEncoding = 4; lastKnownFileType = sourcecode.swift; path = EducationalObjective.swift; sourceTree = "<group>"; };
		77E198461CD7C85300782B72 /* UASApp.app */ = {isa = PBXFileReference; explicitFileType = wrapper.application; includeInIndex = 0; path = UASApp.app; sourceTree = BUILT_PRODUCTS_DIR; };
		77E198491CD7C85300782B72 /* AppDelegate.swift */ = {isa = PBXFileReference; lastKnownFileType = sourcecode.swift; path = AppDelegate.swift; sourceTree = "<group>"; };
		77E1984B1CD7C85300782B72 /* ViewController.swift */ = {isa = PBXFileReference; lastKnownFileType = sourcecode.swift; path = ViewController.swift; sourceTree = "<group>"; };
		77E1984E1CD7C85300782B72 /* Base */ = {isa = PBXFileReference; lastKnownFileType = file.storyboard; name = Base; path = Base.lproj/Main.storyboard; sourceTree = "<group>"; };
		77E198511CD7C85300782B72 /* UASApp.xcdatamodel */ = {isa = PBXFileReference; lastKnownFileType = wrapper.xcdatamodel; path = UASApp.xcdatamodel; sourceTree = "<group>"; };
		77E198531CD7C85300782B72 /* Assets.xcassets */ = {isa = PBXFileReference; lastKnownFileType = folder.assetcatalog; path = Assets.xcassets; sourceTree = "<group>"; };
		77E198561CD7C85300782B72 /* Base */ = {isa = PBXFileReference; lastKnownFileType = file.storyboard; name = Base; path = Base.lproj/LaunchScreen.storyboard; sourceTree = "<group>"; };
		77E198581CD7C85300782B72 /* Info.plist */ = {isa = PBXFileReference; lastKnownFileType = text.plist.xml; path = Info.plist; sourceTree = "<group>"; };
		77E1985D1CD7C85300782B72 /* UASAppTests.xctest */ = {isa = PBXFileReference; explicitFileType = wrapper.cfbundle; includeInIndex = 0; path = UASAppTests.xctest; sourceTree = BUILT_PRODUCTS_DIR; };
		77E198611CD7C85300782B72 /* UASAppTests.swift */ = {isa = PBXFileReference; lastKnownFileType = sourcecode.swift; path = UASAppTests.swift; sourceTree = "<group>"; };
		77E198631CD7C85300782B72 /* Info.plist */ = {isa = PBXFileReference; lastKnownFileType = text.plist.xml; path = Info.plist; sourceTree = "<group>"; };
		77E198681CD7C85300782B72 /* UASAppUITests.xctest */ = {isa = PBXFileReference; explicitFileType = wrapper.cfbundle; includeInIndex = 0; path = UASAppUITests.xctest; sourceTree = BUILT_PRODUCTS_DIR; };
		77E1986C1CD7C85300782B72 /* UASAppUITests.swift */ = {isa = PBXFileReference; lastKnownFileType = sourcecode.swift; path = UASAppUITests.swift; sourceTree = "<group>"; };
		77E1986E1CD7C85300782B72 /* Info.plist */ = {isa = PBXFileReference; lastKnownFileType = text.plist.xml; path = Info.plist; sourceTree = "<group>"; };
		91EC3011194695571EFCB348 /* Pods_UASApp.framework */ = {isa = PBXFileReference; explicitFileType = wrapper.framework; includeInIndex = 0; path = Pods_UASApp.framework; sourceTree = BUILT_PRODUCTS_DIR; };
		F789B81BBD0D795DF386C07A /* Pods-UASApp.release.xcconfig */ = {isa = PBXFileReference; includeInIndex = 1; lastKnownFileType = text.xcconfig; name = "Pods-UASApp.release.xcconfig"; path = "Pods/Target Support Files/Pods-UASApp/Pods-UASApp.release.xcconfig"; sourceTree = "<group>"; };
/* End PBXFileReference section */

/* Begin PBXFrameworksBuildPhase section */
		77E198431CD7C85300782B72 /* Frameworks */ = {
			isa = PBXFrameworksBuildPhase;
			buildActionMask = 2147483647;
			files = (
				774092071CFF40C3004A6668 /* Charts.framework in Frameworks */,
				776A23701CE28E6D00D1FA08 /* Alamofire.framework in Frameworks */,
				776A236F1CE28E4600D1FA08 /* Pods_UASApp.framework in Frameworks */,
			);
			runOnlyForDeploymentPostprocessing = 0;
		};
		77E1985A1CD7C85300782B72 /* Frameworks */ = {
			isa = PBXFrameworksBuildPhase;
			buildActionMask = 2147483647;
			files = (
			);
			runOnlyForDeploymentPostprocessing = 0;
		};
		77E198651CD7C85300782B72 /* Frameworks */ = {
			isa = PBXFrameworksBuildPhase;
			buildActionMask = 2147483647;
			files = (
			);
			runOnlyForDeploymentPostprocessing = 0;
		};
/* End PBXFrameworksBuildPhase section */

/* Begin PBXGroup section */
		1ECEB7B40EC56702F44065AE /* Pods */ = {
			isa = PBXGroup;
			children = (
				47A29908FFCEF8327AC87990 /* Pods-UASApp.debug.xcconfig */,
				F789B81BBD0D795DF386C07A /* Pods-UASApp.release.xcconfig */,
			);
			name = Pods;
			sourceTree = "<group>";
		};
		771470741CDACDFC009D5501 /* Icons */ = {
			isa = PBXGroup;
			children = (
				77167A611CDD228F004C91BC /* Download-Filled-30.png */,
				77167A5F1CDD2236004C91BC /* Download-30.png */,
				77A24CC71CDD15EB006AA0B9 /* Improve-30.png */,
				77A24CC51CDD1555006AA0B9 /* Sugerencias-30.png */,
				77A24C921CDBC91E006AA0B9 /* University Filled-50.png */,
				77A24C961CDBCFB5006AA0B9 /* Salir-30.png */,
				778315761CDBBBF3008D9209 /* University-50.png */,
				7783156D1CDAE525008D9209 /* Menu-30.png */,
				771470951CDAE2AB009D5501 /* person-placeholder.png */,
				771470911CDAE23A009D5501 /* Evaluaciones-30.png */,
				771470921CDAE23A009D5501 /* Mejora-30.png */,
				771470811CDAE034009D5501 /* Home-30.png */,
				771470831CDAE14D009D5501 /* Aspectos-30.png */,
				771470841CDAE14D009D5501 /* Criterios-30.png */,
				771470851CDAE14D009D5501 /* Cursos-30.png */,
				771470861CDAE14D009D5501 /* Especialidad-30.png */,
				771470871CDAE14D009D5501 /* Objetivos-30.png */,
				771470881CDAE14D009D5501 /* Resultados-30.png */,
				771470891CDAE14D009D5501 /* Rubricas-30.png */,
				771470751CDACE0C009D5501 /* home-logo.png */,
			);
			name = Icons;
			sourceTree = "<group>";
		};
		771470771CDAD89C009D5501 /* Controllers */ = {
			isa = PBXGroup;
			children = (
				77167A681CDD3036004C91BC /* Criteria */,
				77167A631CDD2324004C91BC /* EvaluationResults */,
				77167A561CDD16B7004C91BC /* ImprovementPlans */,
				77167A551CDD16B0004C91BC /* Suggestions */,
				77A24CC21CDD10EF006AA0B9 /* Teachers */,
				77A24CB51CDCFDCA006AA0B9 /* Cursos */,
				77A24CAE1CDCACF9006AA0B9 /* Aspects */,
				77A24CA91CDCA6CF006AA0B9 /* Rubrics */,
				77A24CA41CDC8D63006AA0B9 /* Resutados Estudiantiles */,
				77A24C9E1CDC29A9006AA0B9 /* Objetivos Educacionales */,
				7783156F1CDAE621008D9209 /* EspecialidadTVC.swift */,
				77A24C941CDBCD98006AA0B9 /* MainMenuTVC.swift */,
				77A24C981CDBD64E006AA0B9 /* MasterSVC.swift */,
				77A24CB31CDCE1A1006AA0B9 /* InicioVC.swift */,
			);
			name = Controllers;
			sourceTree = "<group>";
		};
		77167A551CDD16B0004C91BC /* Suggestions */ = {
			isa = PBXGroup;
			children = (
				77167A571CDD16C7004C91BC /* SuggestionCell.swift */,
				77167A591CDD16DD004C91BC /* Suggestions.swift */,
			);
			name = Suggestions;
			sourceTree = "<group>";
		};
		77167A561CDD16B7004C91BC /* ImprovementPlans */ = {
			isa = PBXGroup;
			children = (
				77167A5B1CDD16EB004C91BC /* ImprovementPlans.swift */,
				77167A5D1CDD1DBB004C91BC /* ImprovementCell.swift */,
			);
			name = ImprovementPlans;
			sourceTree = "<group>";
		};
		77167A631CDD2324004C91BC /* EvaluationResults */ = {
			isa = PBXGroup;
			children = (
				77167A641CDD233F004C91BC /* EvaluationResults.swift */,
			);
			name = EvaluationResults;
			sourceTree = "<group>";
		};
		77167A681CDD3036004C91BC /* Criteria */ = {
			isa = PBXGroup;
			children = (
				77167A6B1CDD30E2004C91BC /* CriteriaDetail.swift */,
				77167A6D1CDD30F0004C91BC /* CriteriaLevelCell.swift */,
			);
			name = Criteria;
			sourceTree = "<group>";
		};
		774724661CEF9949005C1464 /* Data Loading */ = {
			isa = PBXGroup;
			children = (
				77D4A73B1CF6346C006878DD /* FacultyTransactions.swift */,
				77D4A73D1CF644EB006878DD /* EducationalObjectiveTransactions.swift */,
				772A69901CF8B8D100E17335 /* AspectTransactions.swift */,
				774092091D00D5E1004A6668 /* StudentResultTransactions.swift */,
			);
			name = "Data Loading";
			sourceTree = "<group>";
		};
		778315711CDBB828008D9209 /* Model */ = {
			isa = PBXGroup;
			children = (
				772A69921CF8BB3200E17335 /* Criterion+CoreDataProperties.swift */,
				772A69931CF8BB3200E17335 /* Criterion.swift */,
				772A69941CF8BB3200E17335 /* Aspect+CoreDataProperties.swift */,
				772A69951CF8BB3200E17335 /* Aspect.swift */,
				77D4A74D1CF80C79006878DD /* EducationalObjective+CoreDataProperties.swift */,
				77D4A74E1CF80C79006878DD /* EducationalObjective.swift */,
				77D4A7481CF80B9C006878DD /* StudentResult+CoreDataProperties.swift */,
				77D4A7491CF80B9C006878DD /* StudentResult.swift */,
				77D4A72B1CF590A4006878DD /* Faculty+CoreDataProperties.swift */,
				77D4A72C1CF590A4006878DD /* Faculty.swift */,
				77D4A72D1CF590A4006878DD /* Coordinator+CoreDataProperties.swift */,
				77D4A72E1CF590A4006878DD /* Coordinator.swift */,
				77D4A72F1CF590A4006878DD /* Professor+CoreDataProperties.swift */,
				77D4A7301CF590A4006878DD /* Professor.swift */,
				77D4A7311CF590A4006878DD /* User+CoreDataProperties.swift */,
				77D4A7321CF590A4006878DD /* User.swift */,
			);
			name = Model;
			sourceTree = "<group>";
		};
		77A24C9E1CDC29A9006AA0B9 /* Objetivos Educacionales */ = {
			isa = PBXGroup;
			children = (
				77A24C9A1CDC1885006AA0B9 /* ObjetivosEdTVC.swift */,
				77A24CA11CDC2AD1006AA0B9 /* DescriptionCell.swift */,
				77A24C9F1CDC29C1006AA0B9 /* EducationalObjectiveDetail.swift */,
			);
			name = "Objetivos Educacionales";
			sourceTree = "<group>";
		};
		77A24CA41CDC8D63006AA0B9 /* Resutados Estudiantiles */ = {
			isa = PBXGroup;
			children = (
				77A24CA51CDC8D8C006AA0B9 /* ResEdTVC.swift */,
				77A24CA71CDC9777006AA0B9 /* ResEdDetalleTVC.swift */,
				77167A6F1CDD3A81004C91BC /* EdResultDescriptionCell.swift */,
			);
			name = "Resutados Estudiantiles";
			sourceTree = "<group>";
		};
		77A24CA91CDCA6CF006AA0B9 /* Rubrics */ = {
			isa = PBXGroup;
			children = (
				77A24CAA1CDCA6DF006AA0B9 /* Rubrics.swift */,
				77A24CAC1CDCA8E7006AA0B9 /* RubricDetail.swift */,
				77167A661CDD2BAA004C91BC /* RubricCell.swift */,
			);
			name = Rubrics;
			sourceTree = "<group>";
		};
		77A24CAE1CDCACF9006AA0B9 /* Aspects */ = {
			isa = PBXGroup;
			children = (
				77A24CAF1CDCAD0C006AA0B9 /* AspectosTVC.swift */,
				77A24CB11CDCADA7006AA0B9 /* AspectoDetailTVC.swift */,
			);
			name = Aspects;
			sourceTree = "<group>";
		};
		77A24CB51CDCFDCA006AA0B9 /* Cursos */ = {
			isa = PBXGroup;
			children = (
				77A24CB61CDCFDDB006AA0B9 /* CursosTVC.swift */,
				77A24CB81CDD052D006AA0B9 /* CursoCell.swift */,
				77A24CBA1CDD07C3006AA0B9 /* ProfesorCell.swift */,
				77A24CBE1CDD08FB006AA0B9 /* CursoDetalleTVC.swift */,
				77A24CC01CDD0A5E006AA0B9 /* TeacherCell.swift */,
			);
			name = Cursos;
			sourceTree = "<group>";
		};
		77A24CC21CDD10EF006AA0B9 /* Teachers */ = {
			isa = PBXGroup;
			children = (
				77A24CC31CDD1106006AA0B9 /* TeacherModal.swift */,
			);
			name = Teachers;
			sourceTree = "<group>";
		};
		77E1983D1CD7C85300782B72 = {
			isa = PBXGroup;
			children = (
				774724661CEF9949005C1464 /* Data Loading */,
				778315711CDBB828008D9209 /* Model */,
				771470771CDAD89C009D5501 /* Controllers */,
				771470741CDACDFC009D5501 /* Icons */,
				77E198481CD7C85300782B72 /* UASApp */,
				77E198601CD7C85300782B72 /* UASAppTests */,
				77E1986B1CD7C85300782B72 /* UASAppUITests */,
				77E198471CD7C85300782B72 /* Products */,
				1ECEB7B40EC56702F44065AE /* Pods */,
				C8A0BAB04DAE3554E00311AA /* Frameworks */,
			);
			sourceTree = "<group>";
		};
		77E198471CD7C85300782B72 /* Products */ = {
			isa = PBXGroup;
			children = (
				77E198461CD7C85300782B72 /* UASApp.app */,
				77E1985D1CD7C85300782B72 /* UASAppTests.xctest */,
				77E198681CD7C85300782B72 /* UASAppUITests.xctest */,
			);
			name = Products;
			sourceTree = "<group>";
		};
		77E198481CD7C85300782B72 /* UASApp */ = {
			isa = PBXGroup;
			children = (
				7714707D1CDADB4E009D5501 /* UASApp-Bridging-Header.h */,
				77E198491CD7C85300782B72 /* AppDelegate.swift */,
				77E1984B1CD7C85300782B72 /* ViewController.swift */,
				77E1984D1CD7C85300782B72 /* Main.storyboard */,
				77E198531CD7C85300782B72 /* Assets.xcassets */,
				77E198551CD7C85300782B72 /* LaunchScreen.storyboard */,
				77E198581CD7C85300782B72 /* Info.plist */,
				77E198501CD7C85300782B72 /* UASApp.xcdatamodeld */,
				7747245C1CEF8781005C1464 /* Connection.swift */,
			);
			path = UASApp;
			sourceTree = "<group>";
		};
		77E198601CD7C85300782B72 /* UASAppTests */ = {
			isa = PBXGroup;
			children = (
				77E198611CD7C85300782B72 /* UASAppTests.swift */,
				77E198631CD7C85300782B72 /* Info.plist */,
			);
			path = UASAppTests;
			sourceTree = "<group>";
		};
		77E1986B1CD7C85300782B72 /* UASAppUITests */ = {
			isa = PBXGroup;
			children = (
				77E1986C1CD7C85300782B72 /* UASAppUITests.swift */,
				77E1986E1CD7C85300782B72 /* Info.plist */,
			);
			path = UASAppUITests;
			sourceTree = "<group>";
		};
		C8A0BAB04DAE3554E00311AA /* Frameworks */ = {
			isa = PBXGroup;
			children = (
				774092061CFF40C3004A6668 /* Charts.framework */,
				776A236E1CE28E4600D1FA08 /* Pods_UASApp.framework */,
				776A236C1CE28E3900D1FA08 /* Alamofire.framework */,
				91EC3011194695571EFCB348 /* Pods_UASApp.framework */,
			);
			name = Frameworks;
			sourceTree = "<group>";
		};
/* End PBXGroup section */

/* Begin PBXNativeTarget section */
		77E198451CD7C85300782B72 /* UASApp */ = {
			isa = PBXNativeTarget;
			buildConfigurationList = 77E198711CD7C85300782B72 /* Build configuration list for PBXNativeTarget "UASApp" */;
			buildPhases = (
				F9AE39A5582319137AB50405 /* Check Pods Manifest.lock */,
				77E198421CD7C85300782B72 /* Sources */,
				77E198431CD7C85300782B72 /* Frameworks */,
				77E198441CD7C85300782B72 /* Resources */,
				A2AB496746E2DACD540B7F30 /* Embed Pods Frameworks */,
				6D2380F876F5553535F47D7C /* Copy Pods Resources */,
			);
			buildRules = (
			);
			dependencies = (
			);
			name = UASApp;
			productName = UASApp;
			productReference = 77E198461CD7C85300782B72 /* UASApp.app */;
			productType = "com.apple.product-type.application";
		};
		77E1985C1CD7C85300782B72 /* UASAppTests */ = {
			isa = PBXNativeTarget;
			buildConfigurationList = 77E198741CD7C85300782B72 /* Build configuration list for PBXNativeTarget "UASAppTests" */;
			buildPhases = (
				77E198591CD7C85300782B72 /* Sources */,
				77E1985A1CD7C85300782B72 /* Frameworks */,
				77E1985B1CD7C85300782B72 /* Resources */,
			);
			buildRules = (
			);
			dependencies = (
				77E1985F1CD7C85300782B72 /* PBXTargetDependency */,
			);
			name = UASAppTests;
			productName = UASAppTests;
			productReference = 77E1985D1CD7C85300782B72 /* UASAppTests.xctest */;
			productType = "com.apple.product-type.bundle.unit-test";
		};
		77E198671CD7C85300782B72 /* UASAppUITests */ = {
			isa = PBXNativeTarget;
			buildConfigurationList = 77E198771CD7C85300782B72 /* Build configuration list for PBXNativeTarget "UASAppUITests" */;
			buildPhases = (
				77E198641CD7C85300782B72 /* Sources */,
				77E198651CD7C85300782B72 /* Frameworks */,
				77E198661CD7C85300782B72 /* Resources */,
			);
			buildRules = (
			);
			dependencies = (
				77E1986A1CD7C85300782B72 /* PBXTargetDependency */,
			);
			name = UASAppUITests;
			productName = UASAppUITests;
			productReference = 77E198681CD7C85300782B72 /* UASAppUITests.xctest */;
			productType = "com.apple.product-type.bundle.ui-testing";
		};
/* End PBXNativeTarget section */

/* Begin PBXProject section */
		77E1983E1CD7C85300782B72 /* Project object */ = {
			isa = PBXProject;
			attributes = {
				LastSwiftUpdateCheck = 0730;
				LastUpgradeCheck = 0730;
				ORGANIZATIONNAME = puntobat;
				TargetAttributes = {
					77E198451CD7C85300782B72 = {
						CreatedOnToolsVersion = 7.3;
						DevelopmentTeam = UH6DXP9SXY;
					};
					77E1985C1CD7C85300782B72 = {
						CreatedOnToolsVersion = 7.3;
						DevelopmentTeam = UH6DXP9SXY;
						TestTargetID = 77E198451CD7C85300782B72;
					};
					77E198671CD7C85300782B72 = {
						CreatedOnToolsVersion = 7.3;
						DevelopmentTeam = UH6DXP9SXY;
						TestTargetID = 77E198451CD7C85300782B72;
					};
				};
			};
			buildConfigurationList = 77E198411CD7C85300782B72 /* Build configuration list for PBXProject "UASApp" */;
			compatibilityVersion = "Xcode 3.2";
			developmentRegion = English;
			hasScannedForEncodings = 0;
			knownRegions = (
				en,
				Base,
			);
			mainGroup = 77E1983D1CD7C85300782B72;
			productRefGroup = 77E198471CD7C85300782B72 /* Products */;
			projectDirPath = "";
			projectRoot = "";
			targets = (
				77E198451CD7C85300782B72 /* UASApp */,
				77E1985C1CD7C85300782B72 /* UASAppTests */,
				77E198671CD7C85300782B72 /* UASAppUITests */,
			);
		};
/* End PBXProject section */

/* Begin PBXResourcesBuildPhase section */
		77E198441CD7C85300782B72 /* Resources */ = {
			isa = PBXResourcesBuildPhase;
			buildActionMask = 2147483647;
			files = (
				771470941CDAE23A009D5501 /* Mejora-30.png in Resources */,
				7714708A1CDAE14D009D5501 /* Aspectos-30.png in Resources */,
				7714708D1CDAE14D009D5501 /* Especialidad-30.png in Resources */,
				77A24C931CDBC91E006AA0B9 /* University Filled-50.png in Resources */,
				7783156E1CDAE525008D9209 /* Menu-30.png in Resources */,
				7714708E1CDAE14D009D5501 /* Objetivos-30.png in Resources */,
				77E198571CD7C85300782B72 /* LaunchScreen.storyboard in Resources */,
				77167A621CDD228F004C91BC /* Download-Filled-30.png in Resources */,
				77E198541CD7C85300782B72 /* Assets.xcassets in Resources */,
				771470901CDAE14D009D5501 /* Rubricas-30.png in Resources */,
				7714708F1CDAE14D009D5501 /* Resultados-30.png in Resources */,
				778315771CDBBBF3008D9209 /* University-50.png in Resources */,
				771470961CDAE2AB009D5501 /* person-placeholder.png in Resources */,
				77A24CC81CDD15EB006AA0B9 /* Improve-30.png in Resources */,
				77E1984F1CD7C85300782B72 /* Main.storyboard in Resources */,
				771470821CDAE034009D5501 /* Home-30.png in Resources */,
				7714708B1CDAE14D009D5501 /* Criterios-30.png in Resources */,
				77167A601CDD2236004C91BC /* Download-30.png in Resources */,
				77A24C971CDBCFB5006AA0B9 /* Salir-30.png in Resources */,
				771470761CDACE0C009D5501 /* home-logo.png in Resources */,
				771470931CDAE23A009D5501 /* Evaluaciones-30.png in Resources */,
				77A24CC61CDD1555006AA0B9 /* Sugerencias-30.png in Resources */,
				7714708C1CDAE14D009D5501 /* Cursos-30.png in Resources */,
			);
			runOnlyForDeploymentPostprocessing = 0;
		};
		77E1985B1CD7C85300782B72 /* Resources */ = {
			isa = PBXResourcesBuildPhase;
			buildActionMask = 2147483647;
			files = (
			);
			runOnlyForDeploymentPostprocessing = 0;
		};
		77E198661CD7C85300782B72 /* Resources */ = {
			isa = PBXResourcesBuildPhase;
			buildActionMask = 2147483647;
			files = (
			);
			runOnlyForDeploymentPostprocessing = 0;
		};
/* End PBXResourcesBuildPhase section */

/* Begin PBXShellScriptBuildPhase section */
		6D2380F876F5553535F47D7C /* Copy Pods Resources */ = {
			isa = PBXShellScriptBuildPhase;
			buildActionMask = 2147483647;
			files = (
			);
			inputPaths = (
			);
			name = "Copy Pods Resources";
			outputPaths = (
			);
			runOnlyForDeploymentPostprocessing = 0;
			shellPath = /bin/sh;
			shellScript = "\"${SRCROOT}/Pods/Target Support Files/Pods-UASApp/Pods-UASApp-resources.sh\"\n";
			showEnvVarsInLog = 0;
		};
		A2AB496746E2DACD540B7F30 /* Embed Pods Frameworks */ = {
			isa = PBXShellScriptBuildPhase;
			buildActionMask = 2147483647;
			files = (
			);
			inputPaths = (
			);
			name = "Embed Pods Frameworks";
			outputPaths = (
			);
			runOnlyForDeploymentPostprocessing = 0;
			shellPath = /bin/sh;
			shellScript = "\"${SRCROOT}/Pods/Target Support Files/Pods-UASApp/Pods-UASApp-frameworks.sh\"\n";
			showEnvVarsInLog = 0;
		};
		F9AE39A5582319137AB50405 /* Check Pods Manifest.lock */ = {
			isa = PBXShellScriptBuildPhase;
			buildActionMask = 2147483647;
			files = (
			);
			inputPaths = (
			);
			name = "Check Pods Manifest.lock";
			outputPaths = (
			);
			runOnlyForDeploymentPostprocessing = 0;
			shellPath = /bin/sh;
			shellScript = "diff \"${PODS_ROOT}/../Podfile.lock\" \"${PODS_ROOT}/Manifest.lock\" > /dev/null\nif [[ $? != 0 ]] ; then\n    cat << EOM\nerror: The sandbox is not in sync with the Podfile.lock. Run 'pod install' or update your CocoaPods installation.\nEOM\n    exit 1\nfi\n";
			showEnvVarsInLog = 0;
		};
/* End PBXShellScriptBuildPhase section */

/* Begin PBXSourcesBuildPhase section */
		77E198421CD7C85300782B72 /* Sources */ = {
			isa = PBXSourcesBuildPhase;
			buildActionMask = 2147483647;
			files = (
				77D4A74B1CF80B9C006878DD /* StudentResult+CoreDataProperties.swift in Sources */,
				77167A651CDD233F004C91BC /* EvaluationResults.swift in Sources */,
				778315701CDAE621008D9209 /* EspecialidadTVC.swift in Sources */,
				772A69981CF8BB3200E17335 /* Aspect+CoreDataProperties.swift in Sources */,
				77A24CBB1CDD07C3006AA0B9 /* ProfesorCell.swift in Sources */,
				77E1984C1CD7C85300782B72 /* ViewController.swift in Sources */,
				77167A701CDD3A81004C91BC /* EdResultDescriptionCell.swift in Sources */,
				77D4A7371CF590A4006878DD /* Professor+CoreDataProperties.swift in Sources */,
				77A24CB91CDD052D006AA0B9 /* CursoCell.swift in Sources */,
				77167A6E1CDD30F0004C91BC /* CriteriaLevelCell.swift in Sources */,
				77167A5C1CDD16EB004C91BC /* ImprovementPlans.swift in Sources */,
				77A24CAD1CDCA8E7006AA0B9 /* RubricDetail.swift in Sources */,
				77D4A7341CF590A4006878DD /* Faculty.swift in Sources */,
				77167A581CDD16C7004C91BC /* SuggestionCell.swift in Sources */,
				77A24CC41CDD1106006AA0B9 /* TeacherModal.swift in Sources */,
				77A24C951CDBCD98006AA0B9 /* MainMenuTVC.swift in Sources */,
				77167A5E1CDD1DBB004C91BC /* ImprovementCell.swift in Sources */,
				77D4A7361CF590A4006878DD /* Coordinator.swift in Sources */,
				77D4A74C1CF80B9C006878DD /* StudentResult.swift in Sources */,
				77167A671CDD2BAA004C91BC /* RubricCell.swift in Sources */,
				772A69961CF8BB3200E17335 /* Criterion+CoreDataProperties.swift in Sources */,
				77D4A73A1CF590A4006878DD /* User.swift in Sources */,
				77D4A7391CF590A4006878DD /* User+CoreDataProperties.swift in Sources */,
				77A24CA61CDC8D8C006AA0B9 /* ResEdTVC.swift in Sources */,
				77D4A73E1CF644EB006878DD /* EducationalObjectiveTransactions.swift in Sources */,
				77A24CC11CDD0A5E006AA0B9 /* TeacherCell.swift in Sources */,
				77A24CBF1CDD08FB006AA0B9 /* CursoDetalleTVC.swift in Sources */,
				77A24C991CDBD64E006AA0B9 /* MasterSVC.swift in Sources */,
				77167A5A1CDD16DD004C91BC /* Suggestions.swift in Sources */,
				7740920A1D00D5E1004A6668 /* StudentResultTransactions.swift in Sources */,
				77A24CA01CDC29C1006AA0B9 /* EducationalObjectiveDetail.swift in Sources */,
				77A24C9B1CDC1885006AA0B9 /* ObjetivosEdTVC.swift in Sources */,
				77D4A7501CF80C79006878DD /* EducationalObjective.swift in Sources */,
				77A24CAB1CDCA6DF006AA0B9 /* Rubrics.swift in Sources */,
				772A69911CF8B8D100E17335 /* AspectTransactions.swift in Sources */,
				77A24CB71CDCFDDB006AA0B9 /* CursosTVC.swift in Sources */,
				77A24CB41CDCE1A1006AA0B9 /* InicioVC.swift in Sources */,
				77167A6C1CDD30E2004C91BC /* CriteriaDetail.swift in Sources */,
				77D4A73C1CF6346C006878DD /* FacultyTransactions.swift in Sources */,
				77D4A74F1CF80C79006878DD /* EducationalObjective+CoreDataProperties.swift in Sources */,
				7747245D1CEF8781005C1464 /* Connection.swift in Sources */,
				77A24CA21CDC2AD1006AA0B9 /* DescriptionCell.swift in Sources */,
				77D4A7331CF590A4006878DD /* Faculty+CoreDataProperties.swift in Sources */,
				772A69991CF8BB3200E17335 /* Aspect.swift in Sources */,
				77E198521CD7C85300782B72 /* UASApp.xcdatamodeld in Sources */,
				772A69971CF8BB3200E17335 /* Criterion.swift in Sources */,
				77A24CA81CDC9777006AA0B9 /* ResEdDetalleTVC.swift in Sources */,
				77D4A7381CF590A4006878DD /* Professor.swift in Sources */,
				77A24CB21CDCADA7006AA0B9 /* AspectoDetailTVC.swift in Sources */,
				77A24CB01CDCAD0C006AA0B9 /* AspectosTVC.swift in Sources */,
				77D4A7351CF590A4006878DD /* Coordinator+CoreDataProperties.swift in Sources */,
				77E1984A1CD7C85300782B72 /* AppDelegate.swift in Sources */,
			);
			runOnlyForDeploymentPostprocessing = 0;
		};
		77E198591CD7C85300782B72 /* Sources */ = {
			isa = PBXSourcesBuildPhase;
			buildActionMask = 2147483647;
			files = (
				77E198621CD7C85300782B72 /* UASAppTests.swift in Sources */,
			);
			runOnlyForDeploymentPostprocessing = 0;
		};
		77E198641CD7C85300782B72 /* Sources */ = {
			isa = PBXSourcesBuildPhase;
			buildActionMask = 2147483647;
			files = (
				77E1986D1CD7C85300782B72 /* UASAppUITests.swift in Sources */,
			);
			runOnlyForDeploymentPostprocessing = 0;
		};
/* End PBXSourcesBuildPhase section */

/* Begin PBXTargetDependency section */
		77E1985F1CD7C85300782B72 /* PBXTargetDependency */ = {
			isa = PBXTargetDependency;
			target = 77E198451CD7C85300782B72 /* UASApp */;
			targetProxy = 77E1985E1CD7C85300782B72 /* PBXContainerItemProxy */;
		};
		77E1986A1CD7C85300782B72 /* PBXTargetDependency */ = {
			isa = PBXTargetDependency;
			target = 77E198451CD7C85300782B72 /* UASApp */;
			targetProxy = 77E198691CD7C85300782B72 /* PBXContainerItemProxy */;
		};
/* End PBXTargetDependency section */

/* Begin PBXVariantGroup section */
		77E1984D1CD7C85300782B72 /* Main.storyboard */ = {
			isa = PBXVariantGroup;
			children = (
				77E1984E1CD7C85300782B72 /* Base */,
			);
			name = Main.storyboard;
			sourceTree = "<group>";
		};
		77E198551CD7C85300782B72 /* LaunchScreen.storyboard */ = {
			isa = PBXVariantGroup;
			children = (
				77E198561CD7C85300782B72 /* Base */,
			);
			name = LaunchScreen.storyboard;
			sourceTree = "<group>";
		};
/* End PBXVariantGroup section */

/* Begin XCBuildConfiguration section */
		77E1986F1CD7C85300782B72 /* Debug */ = {
			isa = XCBuildConfiguration;
			buildSettings = {
				ALWAYS_SEARCH_USER_PATHS = NO;
				CLANG_ANALYZER_NONNULL = YES;
				CLANG_CXX_LANGUAGE_STANDARD = "gnu++0x";
				CLANG_CXX_LIBRARY = "libc++";
				CLANG_ENABLE_MODULES = YES;
				CLANG_ENABLE_OBJC_ARC = YES;
				CLANG_WARN_BOOL_CONVERSION = YES;
				CLANG_WARN_CONSTANT_CONVERSION = YES;
				CLANG_WARN_DIRECT_OBJC_ISA_USAGE = YES_ERROR;
				CLANG_WARN_EMPTY_BODY = YES;
				CLANG_WARN_ENUM_CONVERSION = YES;
				CLANG_WARN_INT_CONVERSION = YES;
				CLANG_WARN_OBJC_ROOT_CLASS = YES_ERROR;
				CLANG_WARN_UNREACHABLE_CODE = YES;
				CLANG_WARN__DUPLICATE_METHOD_MATCH = YES;
				"CODE_SIGN_IDENTITY[sdk=iphoneos*]" = "iPhone Developer";
				COPY_PHASE_STRIP = NO;
				DEBUG_INFORMATION_FORMAT = dwarf;
				ENABLE_STRICT_OBJC_MSGSEND = YES;
				ENABLE_TESTABILITY = YES;
				GCC_C_LANGUAGE_STANDARD = gnu99;
				GCC_DYNAMIC_NO_PIC = NO;
				GCC_NO_COMMON_BLOCKS = YES;
				GCC_OPTIMIZATION_LEVEL = 0;
				GCC_PREPROCESSOR_DEFINITIONS = (
					"DEBUG=1",
					"$(inherited)",
				);
				GCC_WARN_64_TO_32_BIT_CONVERSION = YES;
				GCC_WARN_ABOUT_RETURN_TYPE = YES_ERROR;
				GCC_WARN_UNDECLARED_SELECTOR = YES;
				GCC_WARN_UNINITIALIZED_AUTOS = YES_AGGRESSIVE;
				GCC_WARN_UNUSED_FUNCTION = YES;
				GCC_WARN_UNUSED_VARIABLE = YES;
				IPHONEOS_DEPLOYMENT_TARGET = 9.3;
				MTL_ENABLE_DEBUG_INFO = YES;
				ONLY_ACTIVE_ARCH = YES;
				SDKROOT = iphoneos;
				SWIFT_OPTIMIZATION_LEVEL = "-Onone";
				TARGETED_DEVICE_FAMILY = "1,2";
			};
			name = Debug;
		};
		77E198701CD7C85300782B72 /* Release */ = {
			isa = XCBuildConfiguration;
			buildSettings = {
				ALWAYS_SEARCH_USER_PATHS = NO;
				CLANG_ANALYZER_NONNULL = YES;
				CLANG_CXX_LANGUAGE_STANDARD = "gnu++0x";
				CLANG_CXX_LIBRARY = "libc++";
				CLANG_ENABLE_MODULES = YES;
				CLANG_ENABLE_OBJC_ARC = YES;
				CLANG_WARN_BOOL_CONVERSION = YES;
				CLANG_WARN_CONSTANT_CONVERSION = YES;
				CLANG_WARN_DIRECT_OBJC_ISA_USAGE = YES_ERROR;
				CLANG_WARN_EMPTY_BODY = YES;
				CLANG_WARN_ENUM_CONVERSION = YES;
				CLANG_WARN_INT_CONVERSION = YES;
				CLANG_WARN_OBJC_ROOT_CLASS = YES_ERROR;
				CLANG_WARN_UNREACHABLE_CODE = YES;
				CLANG_WARN__DUPLICATE_METHOD_MATCH = YES;
				"CODE_SIGN_IDENTITY[sdk=iphoneos*]" = "iPhone Developer";
				COPY_PHASE_STRIP = NO;
				DEBUG_INFORMATION_FORMAT = "dwarf-with-dsym";
				ENABLE_NS_ASSERTIONS = NO;
				ENABLE_STRICT_OBJC_MSGSEND = YES;
				GCC_C_LANGUAGE_STANDARD = gnu99;
				GCC_NO_COMMON_BLOCKS = YES;
				GCC_WARN_64_TO_32_BIT_CONVERSION = YES;
				GCC_WARN_ABOUT_RETURN_TYPE = YES_ERROR;
				GCC_WARN_UNDECLARED_SELECTOR = YES;
				GCC_WARN_UNINITIALIZED_AUTOS = YES_AGGRESSIVE;
				GCC_WARN_UNUSED_FUNCTION = YES;
				GCC_WARN_UNUSED_VARIABLE = YES;
				IPHONEOS_DEPLOYMENT_TARGET = 9.3;
				MTL_ENABLE_DEBUG_INFO = NO;
				SDKROOT = iphoneos;
				TARGETED_DEVICE_FAMILY = "1,2";
				VALIDATE_PRODUCT = YES;
			};
			name = Release;
		};
		77E198721CD7C85300782B72 /* Debug */ = {
			isa = XCBuildConfiguration;
			baseConfigurationReference = 47A29908FFCEF8327AC87990 /* Pods-UASApp.debug.xcconfig */;
			buildSettings = {
				ASSETCATALOG_COMPILER_APPICON_NAME = AppIcon;
				CLANG_ENABLE_MODULES = YES;
				INFOPLIST_FILE = UASApp/Info.plist;
				IPHONEOS_DEPLOYMENT_TARGET = 8.0;
				LD_RUNPATH_SEARCH_PATHS = "$(inherited) @executable_path/Frameworks";
				PRODUCT_BUNDLE_IDENTIFIER = puntobat.UASApp;
				PRODUCT_NAME = "$(TARGET_NAME)";
				SWIFT_OBJC_BRIDGING_HEADER = "UASApp-Bridging-Header.h";
				SWIFT_OPTIMIZATION_LEVEL = "-Onone";
			};
			name = Debug;
		};
		77E198731CD7C85300782B72 /* Release */ = {
			isa = XCBuildConfiguration;
			baseConfigurationReference = F789B81BBD0D795DF386C07A /* Pods-UASApp.release.xcconfig */;
			buildSettings = {
				ASSETCATALOG_COMPILER_APPICON_NAME = AppIcon;
				CLANG_ENABLE_MODULES = YES;
				INFOPLIST_FILE = UASApp/Info.plist;
				IPHONEOS_DEPLOYMENT_TARGET = 8.0;
				LD_RUNPATH_SEARCH_PATHS = "$(inherited) @executable_path/Frameworks";
				PRODUCT_BUNDLE_IDENTIFIER = puntobat.UASApp;
				PRODUCT_NAME = "$(TARGET_NAME)";
				SWIFT_OBJC_BRIDGING_HEADER = "UASApp-Bridging-Header.h";
			};
			name = Release;
		};
		77E198751CD7C85300782B72 /* Debug */ = {
			isa = XCBuildConfiguration;
			buildSettings = {
				BUNDLE_LOADER = "$(TEST_HOST)";
				INFOPLIST_FILE = UASAppTests/Info.plist;
				LD_RUNPATH_SEARCH_PATHS = "$(inherited) @executable_path/Frameworks @loader_path/Frameworks";
				PRODUCT_BUNDLE_IDENTIFIER = puntobat.UASAppTests;
				PRODUCT_NAME = "$(TARGET_NAME)";
				TEST_HOST = "$(BUILT_PRODUCTS_DIR)/UASApp.app/UASApp";
			};
			name = Debug;
		};
		77E198761CD7C85300782B72 /* Release */ = {
			isa = XCBuildConfiguration;
			buildSettings = {
				BUNDLE_LOADER = "$(TEST_HOST)";
				INFOPLIST_FILE = UASAppTests/Info.plist;
				LD_RUNPATH_SEARCH_PATHS = "$(inherited) @executable_path/Frameworks @loader_path/Frameworks";
				PRODUCT_BUNDLE_IDENTIFIER = puntobat.UASAppTests;
				PRODUCT_NAME = "$(TARGET_NAME)";
				TEST_HOST = "$(BUILT_PRODUCTS_DIR)/UASApp.app/UASApp";
			};
			name = Release;
		};
		77E198781CD7C85300782B72 /* Debug */ = {
			isa = XCBuildConfiguration;
			buildSettings = {
				INFOPLIST_FILE = UASAppUITests/Info.plist;
				LD_RUNPATH_SEARCH_PATHS = "$(inherited) @executable_path/Frameworks @loader_path/Frameworks";
				PRODUCT_BUNDLE_IDENTIFIER = puntobat.UASAppUITests;
				PRODUCT_NAME = "$(TARGET_NAME)";
				TEST_TARGET_NAME = UASApp;
			};
			name = Debug;
		};
		77E198791CD7C85300782B72 /* Release */ = {
			isa = XCBuildConfiguration;
			buildSettings = {
				INFOPLIST_FILE = UASAppUITests/Info.plist;
				LD_RUNPATH_SEARCH_PATHS = "$(inherited) @executable_path/Frameworks @loader_path/Frameworks";
				PRODUCT_BUNDLE_IDENTIFIER = puntobat.UASAppUITests;
				PRODUCT_NAME = "$(TARGET_NAME)";
				TEST_TARGET_NAME = UASApp;
			};
			name = Release;
		};
/* End XCBuildConfiguration section */

/* Begin XCConfigurationList section */
		77E198411CD7C85300782B72 /* Build configuration list for PBXProject "UASApp" */ = {
			isa = XCConfigurationList;
			buildConfigurations = (
				77E1986F1CD7C85300782B72 /* Debug */,
				77E198701CD7C85300782B72 /* Release */,
			);
			defaultConfigurationIsVisible = 0;
			defaultConfigurationName = Release;
		};
		77E198711CD7C85300782B72 /* Build configuration list for PBXNativeTarget "UASApp" */ = {
			isa = XCConfigurationList;
			buildConfigurations = (
				77E198721CD7C85300782B72 /* Debug */,
				77E198731CD7C85300782B72 /* Release */,
			);
			defaultConfigurationIsVisible = 0;
			defaultConfigurationName = Release;
		};
		77E198741CD7C85300782B72 /* Build configuration list for PBXNativeTarget "UASAppTests" */ = {
			isa = XCConfigurationList;
			buildConfigurations = (
				77E198751CD7C85300782B72 /* Debug */,
				77E198761CD7C85300782B72 /* Release */,
			);
			defaultConfigurationIsVisible = 0;
			defaultConfigurationName = Release;
		};
		77E198771CD7C85300782B72 /* Build configuration list for PBXNativeTarget "UASAppUITests" */ = {
			isa = XCConfigurationList;
			buildConfigurations = (
				77E198781CD7C85300782B72 /* Debug */,
				77E198791CD7C85300782B72 /* Release */,
			);
			defaultConfigurationIsVisible = 0;
			defaultConfigurationName = Release;
		};
/* End XCConfigurationList section */

/* Begin XCVersionGroup section */
		77E198501CD7C85300782B72 /* UASApp.xcdatamodeld */ = {
			isa = XCVersionGroup;
			children = (
				77E198511CD7C85300782B72 /* UASApp.xcdatamodel */,
			);
			currentVersion = 77E198511CD7C85300782B72 /* UASApp.xcdatamodel */;
			path = UASApp.xcdatamodeld;
			sourceTree = "<group>";
			versionGroupType = wrapper.xcdatamodel;
		};
/* End XCVersionGroup section */
	};
	rootObject = 77E1983E1CD7C85300782B72 /* Project object */;
}
